PODS:
  - SnapKit (5.6.0)
  - SwiftPopuper (0.1.0)

DEPENDENCIES:
  - SnapKit
  - SwiftPopuper (from `../SwiftPopuper/`)

SPEC REPOS:
  trunk:
    - SnapKit

EXTERNAL SOURCES:
  SwiftPopuper:
    :path: "../SwiftPopuper/"

SPEC CHECKSUMS:
  SnapKit: e01d52ebb8ddbc333eefe2132acf85c8227d9c25
  SwiftPopuper: 6e6d4d8b4c96fe981bf4364917780c6c34dba884

PODFILE CHECKSUM: 7e9a7150c638da80ca4fd68b2ea744b31c589847

COCOAPODS: 1.12.0
