PODS:
  - SnapKit (5.6.0)
  - SwiftPopuper (0.2.0)

DEPENDENCIES:
  - SnapKit
  - SwiftPopuper (from `../`)

SPEC REPOS:
  trunk:
    - SnapKit

EXTERNAL SOURCES:
  SwiftPopuper:
    :path: "../"

SPEC CHECKSUMS:
  SnapKit: e01d52ebb8ddbc333eefe2132acf85c8227d9c25
  SwiftPopuper: 2d590f15e4689e83a2f9dec20115ed9ab17829bc

PODFILE CHECKSUM: 73786292b4598a5ca55f031c0251d66feed5de62

COCOAPODS: 1.12.0
